
Microsoft Visual Studio Solution File, Format Version 12.00
# Visual Studio Version 16
VisualStudioVersion = 16.0.29215.179
MinimumVisualStudioVersion = 10.0.40219.1
Project("{FAE04EC0-301F-11D3-BF4B-00C04F79EFBC}") = "Vsoft.Estacionamento.WebAPI", "Vsoft.Estacionamento.WebAPI\Vsoft.Estacionamento.WebAPI.csproj", "{DF64687B-E1B0-4D7B-81FC-BA194D58CCB4}"
EndProject
Project("{FAE04EC0-301F-11D3-BF4B-00C04F79EFBC}") = "Vsoft.Estacionamento.Core", "Vsoft.Estacionamento.Core\Vsoft.Estacionamento.Core.csproj", "{E7A10848-71BB-4382-B63F-F1374AB9B655}"
EndProject
Project("{FAE04EC0-301F-11D3-BF4B-00C04F79EFBC}") = "Vsoft.Estacionamento.Database", "Vsoft.Estacionamento.Database\Vsoft.Estacionamento.Database.csproj", "{0809C9B9-6856-4858-A080-54B6022A44A0}"
EndProject
Project("{E24C65DC-7377-472B-9ABA-BC803B73C61A}") = "Vsoft.Estacionamento.Web", "Vsoft.Estacionamento.Web\", "{8ABBC49B-50FF-4E23-B37A-E7B96035586B}"
	ProjectSection(WebsiteProperties) = preProject
		TargetFrameworkMoniker = ".NETFramework,Version%3Dv4.0"
		Debug.AspNetCompiler.VirtualPath = "/localhost_56244"
		Debug.AspNetCompiler.PhysicalPath = "Vsoft.Estacionamento.Web\"
		Debug.AspNetCompiler.TargetPath = "PrecompiledWeb\localhost_56244\"
		Debug.AspNetCompiler.Updateable = "true"
		Debug.AspNetCompiler.ForceOverwrite = "true"
		Debug.AspNetCompiler.FixedNames = "false"
		Debug.AspNetCompiler.Debug = "True"
		Release.AspNetCompiler.VirtualPath = "/localhost_56244"
		Release.AspNetCompiler.PhysicalPath = "Vsoft.Estacionamento.Web\"
		Release.AspNetCompiler.TargetPath = "PrecompiledWeb\localhost_56244\"
		Release.AspNetCompiler.Updateable = "true"
		Release.AspNetCompiler.ForceOverwrite = "true"
		Release.AspNetCompiler.FixedNames = "false"
		Release.AspNetCompiler.Debug = "False"
		VWDPort = "56244"
		SlnRelativePath = "Vsoft.Estacionamento.Web\"
	EndProjectSection
EndProject
Global
	GlobalSection(SolutionConfigurationPlatforms) = preSolution
		Debug|Any CPU = Debug|Any CPU
		Release|Any CPU = Release|Any CPU
	EndGlobalSection
	GlobalSection(ProjectConfigurationPlatforms) = postSolution
		{DF64687B-E1B0-4D7B-81FC-BA194D58CCB4}.Debug|Any CPU.ActiveCfg = Debug|Any CPU
		{DF64687B-E1B0-4D7B-81FC-BA194D58CCB4}.Debug|Any CPU.Build.0 = Debug|Any CPU
		{DF64687B-E1B0-4D7B-81FC-BA194D58CCB4}.Release|Any CPU.ActiveCfg = Release|Any CPU
		{DF64687B-E1B0-4D7B-81FC-BA194D58CCB4}.Release|Any CPU.Build.0 = Release|Any CPU
		{E7A10848-71BB-4382-B63F-F1374AB9B655}.Debug|Any CPU.ActiveCfg = Debug|Any CPU
		{E7A10848-71BB-4382-B63F-F1374AB9B655}.Debug|Any CPU.Build.0 = Debug|Any CPU
		{E7A10848-71BB-4382-B63F-F1374AB9B655}.Release|Any CPU.ActiveCfg = Release|Any CPU
		{E7A10848-71BB-4382-B63F-F1374AB9B655}.Release|Any CPU.Build.0 = Release|Any CPU
		{0809C9B9-6856-4858-A080-54B6022A44A0}.Debug|Any CPU.ActiveCfg = Debug|Any CPU
		{0809C9B9-6856-4858-A080-54B6022A44A0}.Debug|Any CPU.Build.0 = Debug|Any CPU
		{0809C9B9-6856-4858-A080-54B6022A44A0}.Release|Any CPU.ActiveCfg = Release|Any CPU
		{0809C9B9-6856-4858-A080-54B6022A44A0}.Release|Any CPU.Build.0 = Release|Any CPU
		{8ABBC49B-50FF-4E23-B37A-E7B96035586B}.Debug|Any CPU.ActiveCfg = Debug|Any CPU
		{8ABBC49B-50FF-4E23-B37A-E7B96035586B}.Debug|Any CPU.Build.0 = Debug|Any CPU
		{8ABBC49B-50FF-4E23-B37A-E7B96035586B}.Release|Any CPU.ActiveCfg = Debug|Any CPU
		{8ABBC49B-50FF-4E23-B37A-E7B96035586B}.Release|Any CPU.Build.0 = Debug|Any CPU
	EndGlobalSection
	GlobalSection(SolutionProperties) = preSolution
		HideSolutionNode = FALSE
	EndGlobalSection
	GlobalSection(ExtensibilityGlobals) = postSolution
		SolutionGuid = {5422D4A4-34A2-4E4C-8BB1-EC4396D8E64C}
	EndGlobalSection
EndGlobal
